
Microsoft Visual Studio Solution File, Format Version 12.00
# Visual Studio Version 17
VisualStudioVersion = 17.9.34701.34
MinimumVisualStudioVersion = 10.0.40219.1
Project("{9A19103F-16F7-4668-BE54-9A1E7A4F7556}") = "MvvmToolKitDemo", "MvvmToolKitDemo\MvvmToolKitDemo.csproj", "{B2D17A13-1E39-4213-AB50-BDDE2E6484B8}"
EndProject
Project("{FAE04EC0-301F-11D3-BF4B-00C04F79EFBC}") = "MvvmToolKitDemo.UI", "MvvmToolKitDemo.UI\MvvmToolKitDemo.UI.csproj", "{968B9E2C-5EC1-406E-B5DD-C5299E885A89}"
EndProject
Global
	GlobalSection(SolutionConfigurationPlatforms) = preSolution
		Debug|Any CPU = Debug|Any CPU
		Release|Any CPU = Release|Any CPU
	EndGlobalSection
	GlobalSection(ProjectConfigurationPlatforms) = postSolution
		{B2D17A13-1E39-4213-AB50-BDDE2E6484B8}.Debug|Any CPU.ActiveCfg = Debug|Any CPU
		{B2D17A13-1E39-4213-AB50-BDDE2E6484B8}.Debug|Any CPU.Build.0 = Debug|Any CPU
		{B2D17A13-1E39-4213-AB50-BDDE2E6484B8}.Release|Any CPU.ActiveCfg = Release|Any CPU
		{B2D17A13-1E39-4213-AB50-BDDE2E6484B8}.Release|Any CPU.Build.0 = Release|Any CPU
		{968B9E2C-5EC1-406E-B5DD-C5299E885A89}.Debug|Any CPU.ActiveCfg = Debug|Any CPU
		{968B9E2C-5EC1-406E-B5DD-C5299E885A89}.Debug|Any CPU.Build.0 = Debug|Any CPU
		{968B9E2C-5EC1-406E-B5DD-C5299E885A89}.Release|Any CPU.ActiveCfg = Release|Any CPU
		{968B9E2C-5EC1-406E-B5DD-C5299E885A89}.Release|Any CPU.Build.0 = Release|Any CPU
	EndGlobalSection
	GlobalSection(SolutionProperties) = preSolution
		HideSolutionNode = FALSE
	EndGlobalSection
	GlobalSection(ExtensibilityGlobals) = postSolution
		SolutionGuid = {887B0453-AF53-4539-8577-0763347E8B26}
	EndGlobalSection
EndGlobal
